
Microsoft Visual Studio Solution File, Format Version 12.00
# Visual Studio 15
VisualStudioVersion = 15.0.26730.8
MinimumVisualStudioVersion = 10.0.40219.1
Project("{FAE04EC0-301F-11D3-BF4B-00C04F79EFBC}") = "WindowsForms_Objects", "WindowsForms_Objects\WindowsForms_Objects.csproj", "{AB042F30-A1C7-4A75-8253-5C17217C28DB}"
EndProject
Global
	GlobalSection(SolutionConfigurationPlatforms) = preSolution
		Debug|Any CPU = Debug|Any CPU
		Release|Any CPU = Release|Any CPU
	EndGlobalSection
	GlobalSection(ProjectConfigurationPlatforms) = postSolution
		{AB042F30-A1C7-4A75-8253-5C17217C28DB}.Debug|Any CPU.ActiveCfg = Debug|Any CPU
		{AB042F30-A1C7-4A75-8253-5C17217C28DB}.Debug|Any CPU.Build.0 = Debug|Any CPU
		{AB042F30-A1C7-4A75-8253-5C17217C28DB}.Release|Any CPU.ActiveCfg = Release|Any CPU
		{AB042F30-A1C7-4A75-8253-5C17217C28DB}.Release|Any CPU.Build.0 = Release|Any CPU
	EndGlobalSection
	GlobalSection(SolutionProperties) = preSolution
		HideSolutionNode = FALSE
	EndGlobalSection
	GlobalSection(ExtensibilityGlobals) = postSolution
		SolutionGuid = {61099EF2-1EC8-4044-9F00-09BDF4F0FD6C}
	EndGlobalSection
EndGlobal
